
Microsoft Visual Studio Solution File, Format Version 12.00
# Visual Studio Version 16
VisualStudioVersion = 16.0.31019.35
MinimumVisualStudioVersion = 10.0.40219.1
Project("{FAE04EC0-301F-11D3-BF4B-00C04F79EFBC}") = "MODULE16Prac", "MODULE16Prac\MODULE16Prac.csproj", "{A07F2C38-ABEA-4639-92A6-16E1853099B8}"
EndProject
Global
	GlobalSection(SolutionConfigurationPlatforms) = preSolution
		Debug|Any CPU = Debug|Any CPU
		Release|Any CPU = Release|Any CPU
	EndGlobalSection
	GlobalSection(ProjectConfigurationPlatforms) = postSolution
		{A07F2C38-ABEA-4639-92A6-16E1853099B8}.Debug|Any CPU.ActiveCfg = Debug|Any CPU
		{A07F2C38-ABEA-4639-92A6-16E1853099B8}.Debug|Any CPU.Build.0 = Debug|Any CPU
		{A07F2C38-ABEA-4639-92A6-16E1853099B8}.Release|Any CPU.ActiveCfg = Release|Any CPU
		{A07F2C38-ABEA-4639-92A6-16E1853099B8}.Release|Any CPU.Build.0 = Release|Any CPU
	EndGlobalSection
	GlobalSection(SolutionProperties) = preSolution
		HideSolutionNode = FALSE
	EndGlobalSection
	GlobalSection(ExtensibilityGlobals) = postSolution
		SolutionGuid = {049B98B1-2D13-4071-8D80-13A97E94FE0D}
	EndGlobalSection
EndGlobal
